[[package]]
name = "autoflake"
version = "2.0.1"
description = "Removes unused imports and unused variables"
category = "dev"
optional = false
python-versions = ">=3.7"

[package.dependencies]
pyflakes = ">=3.0.0"
tomli = {version = ">=2.0.1", markers = "python_version < \"3.11\""}

[[package]]
name = "flake8"
version = "6.0.0"
description = "the modular source code checker: pep8 pyflakes and co"
category = "dev"
optional = false
python-versions = ">=3.8.1"

[package.dependencies]
mccabe = ">=0.7.0,<0.8.0"
pycodestyle = ">=2.10.0,<2.11.0"
pyflakes = ">=3.0.0,<3.1.0"

[[package]]
name = "mccabe"
version = "0.7.0"
description = "McCabe checker, plugin for flake8"
category = "dev"
optional = false
python-versions = ">=3.6"

[[package]]
name = "pycodestyle"
version = "2.10.0"
description = "Python style guide checker"
category = "dev"
optional = false
python-versions = ">=3.6"

[[package]]
name = "pyflakes"
version = "3.0.1"
description = "passive checker of Python programs"
category = "dev"
optional = false
python-versions = ">=3.6"

[[package]]
name = "simple-term-menu"
version = "1.6.1"
description = "A Python package which creates simple interactive menus on the command line."
category = "dev"
optional = false
python-versions = "~=3.5"

[[package]]
name = "tomli"
version = "2.0.1"
description = "A lil' TOML parser"
category = "dev"
optional = false
python-versions = ">=3.7"

[metadata]
lock-version = "1.1"
python-versions = "^3.10"
content-hash = "d6eff5582f789b3ff14eb361ae130861d5b0391281cc71a27dea1593044889a3"

[metadata.files]
autoflake = []
flake8 = []
mccabe = []
pycodestyle = []
pyflakes = []
simple-term-menu = []
tomli = []
